
Microsoft Visual Studio Solution File, Format Version 12.00
# Visual Studio Version 17
VisualStudioVersion = 17.9.34902.65
MinimumVisualStudioVersion = 10.0.40219.1
Project("{9A19103F-16F7-4668-BE54-9A1E7A4F7556}") = "GameStats", "GameStats.csproj", "{7D89678E-869C-4E9C-BA90-4FB00D2651DF}"
EndProject
Global
	GlobalSection(SolutionConfigurationPlatforms) = preSolution
		Debug|Any CPU = Debug|Any CPU
		Release|Any CPU = Release|Any CPU
	EndGlobalSection
	GlobalSection(ProjectConfigurationPlatforms) = postSolution
		{7D89678E-869C-4E9C-BA90-4FB00D2651DF}.Debug|Any CPU.ActiveCfg = Debug|Any CPU
		{7D89678E-869C-4E9C-BA90-4FB00D2651DF}.Debug|Any CPU.Build.0 = Debug|Any CPU
		{7D89678E-869C-4E9C-BA90-4FB00D2651DF}.Release|Any CPU.ActiveCfg = Release|Any CPU
		{7D89678E-869C-4E9C-BA90-4FB00D2651DF}.Release|Any CPU.Build.0 = Release|Any CPU
	EndGlobalSection
	GlobalSection(SolutionProperties) = preSolution
		HideSolutionNode = FALSE
	EndGlobalSection
	GlobalSection(ExtensibilityGlobals) = postSolution
		SolutionGuid = {819B9F22-F5A5-48C7-827D-F1B1EC10CE3F}
	EndGlobalSection
EndGlobal
