
Microsoft Visual Studio Solution File, Format Version 12.00
# Visual Studio Version 17
VisualStudioVersion = 17.9.34902.65
MinimumVisualStudioVersion = 10.0.40219.1
Project("{9A19103F-16F7-4668-BE54-9A1E7A4F7556}") = "AcidTrip", "AcidTrip.csproj", "{30124F2D-B56E-42DC-A397-35E4B120F7B2}"
EndProject
Global
	GlobalSection(SolutionConfigurationPlatforms) = preSolution
		Debug|Any CPU = Debug|Any CPU
		Release|Any CPU = Release|Any CPU
	EndGlobalSection
	GlobalSection(ProjectConfigurationPlatforms) = postSolution
		{30124F2D-B56E-42DC-A397-35E4B120F7B2}.Debug|Any CPU.ActiveCfg = Debug|Any CPU
		{30124F2D-B56E-42DC-A397-35E4B120F7B2}.Debug|Any CPU.Build.0 = Debug|Any CPU
		{30124F2D-B56E-42DC-A397-35E4B120F7B2}.Release|Any CPU.ActiveCfg = Release|Any CPU
		{30124F2D-B56E-42DC-A397-35E4B120F7B2}.Release|Any CPU.Build.0 = Release|Any CPU
	EndGlobalSection
	GlobalSection(SolutionProperties) = preSolution
		HideSolutionNode = FALSE
	EndGlobalSection
	GlobalSection(ExtensibilityGlobals) = postSolution
		SolutionGuid = {7300F08E-32B4-4118-8F65-DB0B9EFA890E}
	EndGlobalSection
EndGlobal
